// !$*UTF8*$!
{
	archiveVersion = 1;
	classes = {
	};
	objectVersion = 39;
	objects = {
		01823927FFE8053411CA24C1 = {
			isa = PBXFileReference;
			lastKnownFileType = wrapper.framework;
			name = Carbon.framework;
			path = /System/Library/Frameworks/Carbon.framework;
			refType = 0;
			sourceTree = "<absolute>";
		};
		01ACF443FFC1C83D11CA2470 = {
			buildSettings = {
				COPY_PHASE_STRIP = NO;
				GCC_DYNAMIC_NO_PIC = NO;
				GCC_ENABLE_FIX_AND_CONTINUE = YES;
				GCC_GENERATE_DEBUGGING_SYMBOLS = YES;
				GCC_OPTIMIZATION_LEVEL = 0;
				OPTIMIZATION_CFLAGS = "-O0";
				ZERO_LINK = YES;
			};
			isa = PBXBuildStyle;
			name = Development;
		};
		01ACF444FFC1C83D11CA2470 = {
			buildSettings = {
				COPY_PHASE_STRIP = YES;
				GCC_ENABLE_FIX_AND_CONTINUE = NO;
				GCC_GENERATE_DEBUGGING_SYMBOLS = NO;
				ZERO_LINK = NO;
			};
			isa = PBXBuildStyle;
			name = Deployment;
		};
//010
//011
//012
//013
//014
//080
//081
//082
//083
//084
		089C1669FE841209C02AAC07 = {
			buildSettings = {
			};
			buildStyles = (
				01ACF443FFC1C83D11CA2470,
				01ACF444FFC1C83D11CA2470,
			);
			hasScannedForEncodings = 0;
			isa = PBXProject;
			mainGroup = 089C166AFE841209C02AAC07;
			projectDirPath = "";
			targets = (
				4D1684240830212700080847,
			);
		};
		089C166AFE841209C02AAC07 = {
			children = (
				F849B8C8029C68B901CB2098,
				089C1671FE841209C02AAC07,
				19C28FB6FE9D52B211CA2CBB,
				4D1684340830212700080847,
			);
			isa = PBXGroup;
			name = CFPlugInBundle;
			refType = 4;
			sourceTree = "<group>";
		};
		089C1671FE841209C02AAC07 = {
			children = (
				01823927FFE8053411CA24C1,
			);
			isa = PBXGroup;
			name = "External Frameworks and Libraries";
			refType = 4;
			sourceTree = "<group>";
		};
//080
//081
//082
//083
//084
//190
//191
//192
//193
//194
		19C28FB6FE9D52B211CA2CBB = {
			children = (
				4D1684350830212700080847,
			);
			isa = PBXGroup;
			name = Products;
			refType = 4;
			sourceTree = "<group>";
		};
//190
//191
//192
//193
//194
//4D0
//4D1
//4D2
//4D3
//4D4
		4D1684240830212700080847 = {
			buildPhases = (
				4D1684250830212700080847,
				4D16842A0830212700080847,
				4D16842D0830212700080847,
				4D1684310830212700080847,
				4D1684330830212700080847,
			);
			buildRules = (
			);
			buildSettings = {
				FRAMEWORK_SEARCH_PATHS = "\"$(SYSTEM_LIBRARY_DIR)/Frameworks/ApplicationServices.framework/Frameworks\" \"$(SYSTEM_LIBRARY_DIR)/Frameworks/Carbon.framework/Frameworks\"";
				GCC_OPTIMIZATION_LEVEL = 2;
				HEADER_SEARCH_PATHS = .;
				INFOPLIST_FILE = "Info-PrintPDE.plist";
				INSTALL_MODE_FLAG = "u+w";
				OTHER_CFLAGS = "";
				OTHER_LDFLAGS = "-bundle";
				PRODUCT_NAME = PrintPDE;
				SECTORDER_FLAGS = "";
				WARNING_CFLAGS = "-Wall -Wmost -Wno-four-char-constants -Wno-unknown-pragmas";
				WRAPPER_EXTENSION = plugin;
			};
			dependencies = (
			);
			isa = PBXNativeTarget;
			name = PrintPDE;
			productName = PrintDialogPDE.plugin;
			productReference = 4D1684350830212700080847;
			productType = "com.apple.product-type.bundle";
		};
		4D1684250830212700080847 = {
			buildActionMask = 2147483647;
			files = (
				4D1684260830212700080847,
				4D1684270830212700080847,
				4D1684280830212700080847,
				4D1684290830212700080847,
			);
			isa = PBXHeadersBuildPhase;
			runOnlyForDeploymentPostprocessing = 0;
		};
		4D1684260830212700080847 = {
			fileRef = F73AA2D2026B518801CB2098;
			isa = PBXBuildFile;
			settings = {
			};
		};
		4D1684270830212700080847 = {
			fileRef = F73AA2D3026B518801CB2098;
			isa = PBXBuildFile;
			settings = {
			};
		};
		4D1684280830212700080847 = {
			fileRef = F73AA2D4026B518801CB2098;
			isa = PBXBuildFile;
			settings = {
			};
		};
		4D1684290830212700080847 = {
			fileRef = F57C986203B8293D01202892;
			isa = PBXBuildFile;
			settings = {
			};
		};
		4D16842A0830212700080847 = {
			buildActionMask = 2147483647;
			files = (
				4D16842B0830212700080847,
				4D16842C0830212700080847,
			);
			isa = PBXResourcesBuildPhase;
			runOnlyForDeploymentPostprocessing = 0;
		};
		4D16842B0830212700080847 = {
			fileRef = F73AA2D8026B518801CB2098;
			isa = PBXBuildFile;
			settings = {
			};
		};
		4D16842C0830212700080847 = {
			fileRef = F73AA2DA026B518801CB2098;
			isa = PBXBuildFile;
			settings = {
			};
		};
		4D16842D0830212700080847 = {
			buildActionMask = 2147483647;
			files = (
				4D16842E0830212700080847,
				4D16842F0830212700080847,
				4D1684300830212700080847,
			);
			isa = PBXSourcesBuildPhase;
			runOnlyForDeploymentPostprocessing = 0;
		};
		4D16842E0830212700080847 = {
			fileRef = F73AA2DD026B518801CB2098;
			isa = PBXBuildFile;
			settings = {
			};
		};
		4D16842F0830212700080847 = {
			fileRef = F73AA2DE026B518801CB2098;
			isa = PBXBuildFile;
			settings = {
			};
		};
		4D1684300830212700080847 = {
			fileRef = F73AA2DF026B518801CB2098;
			isa = PBXBuildFile;
			settings = {
			};
		};
		4D1684310830212700080847 = {
			buildActionMask = 2147483647;
			files = (
				4D1684320830212700080847,
			);
			isa = PBXFrameworksBuildPhase;
			runOnlyForDeploymentPostprocessing = 0;
		};
		4D1684320830212700080847 = {
			fileRef = 01823927FFE8053411CA24C1;
			isa = PBXBuildFile;
			settings = {
			};
		};
		4D1684330830212700080847 = {
			buildActionMask = 2147483647;
			files = (
			);
			isa = PBXRezBuildPhase;
			runOnlyForDeploymentPostprocessing = 0;
		};
		4D1684340830212700080847 = {
			isa = PBXFileReference;
			lastKnownFileType = text.xml;
			path = "Info-PrintPDE.plist";
			refType = 4;
			sourceTree = "<group>";
		};
		4D1684350830212700080847 = {
			explicitFileType = wrapper.cfbundle;
			includeInIndex = 0;
			isa = PBXFileReference;
			path = PrintPDE.plugin;
			refType = 3;
			sourceTree = BUILT_PRODUCTS_DIR;
		};
//4D0
//4D1
//4D2
//4D3
//4D4
//F50
//F51
//F52
//F53
//F54
		F57C986203B8293D01202892 = {
			isa = PBXFileReference;
			lastKnownFileType = sourcecode.c.h;
			path = nsPDECommon.h;
			refType = 4;
			sourceTree = "<group>";
		};
		F586CCD503BC184501202892 = {
			children = (
				F57C986203B8293D01202892,
			);
			isa = PBXGroup;
			path = public;
			refType = 4;
			sourceTree = "<group>";
		};
//F50
//F51
//F52
//F53
//F54
//F70
//F71
//F72
//F73
//F74
		F73AA2D2026B518801CB2098 = {
			isa = PBXFileReference;
			lastKnownFileType = sourcecode.c.h;
			path = PDECore.h;
			refType = 4;
			sourceTree = "<group>";
		};
		F73AA2D3026B518801CB2098 = {
			isa = PBXFileReference;
			lastKnownFileType = sourcecode.c.h;
			path = PDECustom.h;
			refType = 4;
			sourceTree = "<group>";
		};
		F73AA2D4026B518801CB2098 = {
			isa = PBXFileReference;
			lastKnownFileType = sourcecode.c.h;
			path = PDEUtilities.h;
			refType = 4;
			sourceTree = "<group>";
		};
		F73AA2D5026B518801CB2098 = {
			children = (
				F73AA2D8026B518801CB2098,
				F73AA2DA026B518801CB2098,
			);
			isa = PBXGroup;
			path = res;
			refType = 4;
			sourceTree = "<group>";
		};
		F73AA2D8026B518801CB2098 = {
			children = (
				F73AA2D9026B518801CB2098,
			);
			isa = PBXVariantGroup;
			name = Localizable.strings;
			path = "";
			refType = 4;
			sourceTree = "<group>";
		};
		F73AA2D9026B518801CB2098 = {
			isa = PBXFileReference;
			lastKnownFileType = text.plist.strings;
			name = English;
			path = English.lproj/Localizable.strings;
			refType = 4;
			sourceTree = "<group>";
		};
		F73AA2DA026B518801CB2098 = {
			children = (
				F73AA2DB026B518801CB2098,
			);
			isa = PBXVariantGroup;
			name = PrintPDE.nib;
			path = "";
			refType = 4;
			sourceTree = "<group>";
		};
		F73AA2DB026B518801CB2098 = {
			isa = PBXFileReference;
			lastKnownFileType = wrapper.nib;
			name = English;
			path = English.lproj/PrintPDE.nib;
			refType = 4;
			sourceTree = "<group>";
		};
		F73AA2DC026B518801CB2098 = {
			children = (
				F73AA2DD026B518801CB2098,
				F73AA2D2026B518801CB2098,
				F73AA2DE026B518801CB2098,
				F73AA2D3026B518801CB2098,
				F73AA2DF026B518801CB2098,
				F73AA2D4026B518801CB2098,
			);
			isa = PBXGroup;
			path = src;
			refType = 4;
			sourceTree = "<group>";
		};
		F73AA2DD026B518801CB2098 = {
			isa = PBXFileReference;
			lastKnownFileType = sourcecode.c.c;
			path = PDECore.c;
			refType = 4;
			sourceTree = "<group>";
		};
		F73AA2DE026B518801CB2098 = {
			isa = PBXFileReference;
			lastKnownFileType = sourcecode.c.c;
			path = PDECustom.c;
			refType = 4;
			sourceTree = "<group>";
		};
		F73AA2DF026B518801CB2098 = {
			isa = PBXFileReference;
			lastKnownFileType = sourcecode.c.c;
			path = PDEUtilities.c;
			refType = 4;
			sourceTree = "<group>";
		};
//F70
//F71
//F72
//F73
//F74
//F80
//F81
//F82
//F83
//F84
		F849B8C8029C68B901CB2098 = {
			children = (
				F586CCD503BC184501202892,
				F73AA2DC026B518801CB2098,
				F73AA2D5026B518801CB2098,
			);
			isa = PBXGroup;
			name = PrintPDE;
			refType = 4;
			sourceTree = "<group>";
		};
	};
	rootObject = 089C1669FE841209C02AAC07;
}
