[[package]]
name = "gcc"
version = "0.3.54"
source = "registry+https://github.com/rust-lang/crates.io-index"

[[package]]
name = "libc"
version = "0.2.33"
source = "registry+https://github.com/rust-lang/crates.io-index"

[[package]]
name = "libz-sys"
version = "1.0.16"
source = "registry+https://github.com/rust-lang/crates.io-index"
dependencies = [
 "gcc 0.3.54 (registry+https://github.com/rust-lang/crates.io-index)",
 "libc 0.2.33 (registry+https://github.com/rust-lang/crates.io-index)",
 "pkg-config 0.3.9 (registry+https://github.com/rust-lang/crates.io-index)",
 "vcpkg 0.2.2 (registry+https://github.com/rust-lang/crates.io-index)",
]

[[package]]
name = "mozjs_sys"
version = "0.0.0"
dependencies = [
 "libc 0.2.33 (registry+https://github.com/rust-lang/crates.io-index)",
 "libz-sys 1.0.16 (registry+https://github.com/rust-lang/crates.io-index)",
 "num_cpus 1.7.0 (registry+https://github.com/rust-lang/crates.io-index)",
]

[[package]]
name = "num_cpus"
version = "1.7.0"
source = "registry+https://github.com/rust-lang/crates.io-index"
dependencies = [
 "libc 0.2.33 (registry+https://github.com/rust-lang/crates.io-index)",
]

[[package]]
name = "pkg-config"
version = "0.3.9"
source = "registry+https://github.com/rust-lang/crates.io-index"

[[package]]
name = "vcpkg"
version = "0.2.2"
source = "registry+https://github.com/rust-lang/crates.io-index"

[metadata]
"checksum gcc 0.3.54 (registry+https://github.com/rust-lang/crates.io-index)" = "5e33ec290da0d127825013597dbdfc28bee4964690c7ce1166cbc2a7bd08b1bb"
"checksum libc 0.2.33 (registry+https://github.com/rust-lang/crates.io-index)" = "5ba3df4dcb460b9dfbd070d41c94c19209620c191b0340b929ce748a2bcd42d2"
"checksum libz-sys 1.0.16 (registry+https://github.com/rust-lang/crates.io-index)" = "3fdd64ef8ee652185674455c1d450b83cbc8ad895625d543b5324d923f82e4d8"
"checksum num_cpus 1.7.0 (registry+https://github.com/rust-lang/crates.io-index)" = "514f0d73e64be53ff320680ca671b64fe3fb91da01e1ae2ddc99eb51d453b20d"
"checksum pkg-config 0.3.9 (registry+https://github.com/rust-lang/crates.io-index)" = "3a8b4c6b8165cd1a1cd4b9b120978131389f64bdaf456435caa41e630edba903"
"checksum vcpkg 0.2.2 (registry+https://github.com/rust-lang/crates.io-index)" = "9e0a7d8bed3178a8fb112199d466eeca9ed09a14ba8ad67718179b4fd5487d0b"
