// !$*UTF8*$!
{
	archiveVersion = 1;
	classes = {
	};
	objectVersion = 42;
	objects = {

/* Begin PBXBuildFile section */
		1A91570F0B012A3F00744986 /* libz.dylib in Frameworks */ = {isa = PBXBuildFile; fileRef = 1A91570E0B012A3F00744986 /* libz.dylib */; };
		47BA8F2C0B053ACC0092107F /* libMMgc64.a in Frameworks */ = {isa = PBXBuildFile; fileRef = 470266410B053A6F007B70DD /* libMMgc64.a */; };
		47BA8F2D0B053AD40092107F /* libavmplus64.a in Frameworks */ = {isa = PBXBuildFile; fileRef = 47BA8F270B053AB10092107F /* libavmplus64.a */; };
		6803D2C90A5064FD00C797BB /* JavaGlue.cpp in Sources */ = {isa = PBXBuildFile; fileRef = 6803D2C70A5064FD00C797BB /* JavaGlue.cpp */; };
		6803D2CA0A5064FD00C797BB /* JavaGlue.h in CopyFiles */ = {isa = PBXBuildFile; fileRef = 6803D2C80A5064FD00C797BB /* JavaGlue.h */; };
		8E8B529E09AABAA30057BEE4 /* avmshell.cpp in Sources */ = {isa = PBXBuildFile; fileRef = 8E8B527909AABAA20057BEE4 /* avmshell.cpp */; };
		8E8B529F09AABAA30057BEE4 /* avmshell.h in CopyFiles */ = {isa = PBXBuildFile; fileRef = 8E8B527A09AABAA20057BEE4 /* avmshell.h */; };
		8E8B52A009AABAA30057BEE4 /* ByteArray.as in CopyFiles */ = {isa = PBXBuildFile; fileRef = 8E8B527B09AABAA20057BEE4 /* ByteArray.as */; };
		8E8B52A109AABAA30057BEE4 /* ByteArrayGlue.cpp in Sources */ = {isa = PBXBuildFile; fileRef = 8E8B527C09AABAA20057BEE4 /* ByteArrayGlue.cpp */; };
		8E8B52A209AABAA30057BEE4 /* ByteArrayGlue.h in CopyFiles */ = {isa = PBXBuildFile; fileRef = 8E8B527D09AABAA20057BEE4 /* ByteArrayGlue.h */; };
		8E8B52A309AABAA30057BEE4 /* ConsoleOutputStream.cpp in Sources */ = {isa = PBXBuildFile; fileRef = 8E8B527E09AABAA20057BEE4 /* ConsoleOutputStream.cpp */; };
		8E8B52A409AABAA30057BEE4 /* ConsoleOutputStream.h in CopyFiles */ = {isa = PBXBuildFile; fileRef = 8E8B527F09AABAA20057BEE4 /* ConsoleOutputStream.h */; };
		8E8B52A509AABAA30057BEE4 /* DataIO.cpp in Sources */ = {isa = PBXBuildFile; fileRef = 8E8B528009AABAA20057BEE4 /* DataIO.cpp */; };
		8E8B52A609AABAA30057BEE4 /* DataIO.h in CopyFiles */ = {isa = PBXBuildFile; fileRef = 8E8B528109AABAA20057BEE4 /* DataIO.h */; };
		8E8B52A709AABAA30057BEE4 /* DebugCLI.cpp in Sources */ = {isa = PBXBuildFile; fileRef = 8E8B528209AABAA20057BEE4 /* DebugCLI.cpp */; };
		8E8B52A809AABAA30057BEE4 /* DebugCLI.h in CopyFiles */ = {isa = PBXBuildFile; fileRef = 8E8B528309AABAA20057BEE4 /* DebugCLI.h */; };
		8E8B52A909AABAA30057BEE4 /* Domain.as in CopyFiles */ = {isa = PBXBuildFile; fileRef = 8E8B528409AABAA20057BEE4 /* Domain.as */; };
		8E8B52AA09AABAA30057BEE4 /* DomainClass.cpp in Sources */ = {isa = PBXBuildFile; fileRef = 8E8B528509AABAA20057BEE4 /* DomainClass.cpp */; };
		8E8B52AB09AABAA30057BEE4 /* DomainClass.h in CopyFiles */ = {isa = PBXBuildFile; fileRef = 8E8B528609AABAA20057BEE4 /* DomainClass.h */; };
		8E8B52AC09AABAA30057BEE4 /* DoubleArray.as in CopyFiles */ = {isa = PBXBuildFile; fileRef = 8E8B528709AABAA20057BEE4 /* DoubleArray.as */; };
		8E8B52AD09AABAA30057BEE4 /* Endian.as in CopyFiles */ = {isa = PBXBuildFile; fileRef = 8E8B528809AABAA20057BEE4 /* Endian.as */; };
		8E8B52AE09AABAA30057BEE4 /* FileClass.cpp in Sources */ = {isa = PBXBuildFile; fileRef = 8E8B528909AABAA20057BEE4 /* FileClass.cpp */; };
		8E8B52AF09AABAA30057BEE4 /* FileClass.h in CopyFiles */ = {isa = PBXBuildFile; fileRef = 8E8B528A09AABAA20057BEE4 /* FileClass.h */; };
		8E8B52B009AABAA30057BEE4 /* FileInputStream.cpp in Sources */ = {isa = PBXBuildFile; fileRef = 8E8B528B09AABAA20057BEE4 /* FileInputStream.cpp */; };
		8E8B52B109AABAA30057BEE4 /* FileInputStream.h in CopyFiles */ = {isa = PBXBuildFile; fileRef = 8E8B528C09AABAA20057BEE4 /* FileInputStream.h */; };
		8E8B52B209AABAA30057BEE4 /* FloatArray.as in CopyFiles */ = {isa = PBXBuildFile; fileRef = 8E8B528D09AABAA20057BEE4 /* FloatArray.as */; };
		8E8B52B309AABAA30057BEE4 /* genericzlib.h in CopyFiles */ = {isa = PBXBuildFile; fileRef = 8E8B528E09AABAA20057BEE4 /* genericzlib.h */; };
		8E8B52B409AABAA30057BEE4 /* IntArray.as in CopyFiles */ = {isa = PBXBuildFile; fileRef = 8E8B528F09AABAA20057BEE4 /* IntArray.as */; };
		8E8B52B509AABAA30057BEE4 /* Profiler.h in CopyFiles */ = {isa = PBXBuildFile; fileRef = 8E8B529009AABAA30057BEE4 /* Profiler.h */; };
		8E8B52B609AABAA30057BEE4 /* ShortArray.as in CopyFiles */ = {isa = PBXBuildFile; fileRef = 8E8B529109AABAA30057BEE4 /* ShortArray.as */; };
		8E8B52B709AABAA30057BEE4 /* StringBuilder.as in CopyFiles */ = {isa = PBXBuildFile; fileRef = 8E8B529209AABAA30057BEE4 /* StringBuilder.as */; };
		8E8B52B809AABAA30057BEE4 /* StringBuilderClass.cpp in Sources */ = {isa = PBXBuildFile; fileRef = 8E8B529309AABAA30057BEE4 /* StringBuilderClass.cpp */; };
		8E8B52B909AABAA30057BEE4 /* StringBuilderClass.h in CopyFiles */ = {isa = PBXBuildFile; fileRef = 8E8B529409AABAA30057BEE4 /* StringBuilderClass.h */; };
		8E8B52BA09AABAA30057BEE4 /* SystemClass.cpp in Sources */ = {isa = PBXBuildFile; fileRef = 8E8B529509AABAA30057BEE4 /* SystemClass.cpp */; };
		8E8B52BB09AABAA30057BEE4 /* SystemClass.h in CopyFiles */ = {isa = PBXBuildFile; fileRef = 8E8B529609AABAA30057BEE4 /* SystemClass.h */; };
		8E8B52BC09AABAA30057BEE4 /* toplevel.as in CopyFiles */ = {isa = PBXBuildFile; fileRef = 8E8B529709AABAA30057BEE4 /* toplevel.as */; };
		8E8B52BE09AABAA30057BEE4 /* toplevel.h in CopyFiles */ = {isa = PBXBuildFile; fileRef = 8E8B529909AABAA30057BEE4 /* toplevel.h */; };
		8E8B52BF09AABAA30057BEE4 /* TypedArrayClass.cpp in Sources */ = {isa = PBXBuildFile; fileRef = 8E8B529A09AABAA30057BEE4 /* TypedArrayClass.cpp */; };
		8E8B52C009AABAA30057BEE4 /* TypedArrayClass.h in CopyFiles */ = {isa = PBXBuildFile; fileRef = 8E8B529B09AABAA30057BEE4 /* TypedArrayClass.h */; };
		8E8B52C109AABAA30057BEE4 /* UIntArray.as in CopyFiles */ = {isa = PBXBuildFile; fileRef = 8E8B529C09AABAA30057BEE4 /* UIntArray.as */; };
		8E8B52C209AABAA30057BEE4 /* UShortArray.as in CopyFiles */ = {isa = PBXBuildFile; fileRef = 8E8B529D09AABAA30057BEE4 /* UShortArray.as */; };
		8EDDB9E809AAD1D300FB9EE5 /* Dictionary.as in CopyFiles */ = {isa = PBXBuildFile; fileRef = 8EDDB9E509AAD1D300FB9EE5 /* Dictionary.as */; };
		8EDDB9E909AAD1D300FB9EE5 /* DictionaryGlue.cpp in Sources */ = {isa = PBXBuildFile; fileRef = 8EDDB9E609AAD1D300FB9EE5 /* DictionaryGlue.cpp */; };
		8EDDB9EA09AAD1D300FB9EE5 /* DictionaryGlue.h in CopyFiles */ = {isa = PBXBuildFile; fileRef = 8EDDB9E709AAD1D300FB9EE5 /* DictionaryGlue.h */; };
		8EDDB9F409AAD2B700FB9EE5 /* CoreServices.framework in Frameworks */ = {isa = PBXBuildFile; fileRef = 8EDDB9F309AAD2B700FB9EE5 /* CoreServices.framework */; };
/* End PBXBuildFile section */

/* Begin PBXContainerItemProxy section */
		470266400B053A6F007B70DD /* PBXContainerItemProxy */ = {
			isa = PBXContainerItemProxy;
			containerPortal = 470266390B053A6F007B70DD /* MMgc64.xcodeproj */;
			proxyType = 2;
			remoteGlobalIDString = D2AAC046055464E500DB518D;
			remoteInfo = MMgc;
		};
		47BA8F260B053AB10092107F /* PBXContainerItemProxy */ = {
			isa = PBXContainerItemProxy;
			containerPortal = 47BA8F1F0B053AB10092107F /* avmplus64.xcodeproj */;
			proxyType = 2;
			remoteGlobalIDString = D2AAC046055464E500DB518D;
			remoteInfo = avmplus64;
		};
		47BA8F280B053AC00092107F /* PBXContainerItemProxy */ = {
			isa = PBXContainerItemProxy;
			containerPortal = 47BA8F1F0B053AB10092107F /* avmplus64.xcodeproj */;
			proxyType = 1;
			remoteGlobalIDString = D2AAC045055464E500DB518D;
			remoteInfo = avmplus64;
		};
		47BA8F2A0B053AC40092107F /* PBXContainerItemProxy */ = {
			isa = PBXContainerItemProxy;
			containerPortal = 470266390B053A6F007B70DD /* MMgc64.xcodeproj */;
			proxyType = 1;
			remoteGlobalIDString = D2AAC045055464E500DB518D;
			remoteInfo = MMgc;
		};
/* End PBXContainerItemProxy section */

/* Begin PBXCopyFilesBuildPhase section */
		8DD76FAF0486AB0100D96B5E /* CopyFiles */ = {
			isa = PBXCopyFilesBuildPhase;
			buildActionMask = 8;
			dstPath = /usr/share/man/man1/;
			dstSubfolderSpec = 0;
			files = (
				8E8B529F09AABAA30057BEE4 /* avmshell.h in CopyFiles */,
				8E8B52A009AABAA30057BEE4 /* ByteArray.as in CopyFiles */,
				8E8B52A209AABAA30057BEE4 /* ByteArrayGlue.h in CopyFiles */,
				8E8B52A409AABAA30057BEE4 /* ConsoleOutputStream.h in CopyFiles */,
				8E8B52A609AABAA30057BEE4 /* DataIO.h in CopyFiles */,
				8E8B52A809AABAA30057BEE4 /* DebugCLI.h in CopyFiles */,
				8E8B52A909AABAA30057BEE4 /* Domain.as in CopyFiles */,
				8E8B52AB09AABAA30057BEE4 /* DomainClass.h in CopyFiles */,
				8E8B52AC09AABAA30057BEE4 /* DoubleArray.as in CopyFiles */,
				8E8B52AD09AABAA30057BEE4 /* Endian.as in CopyFiles */,
				8E8B52AF09AABAA30057BEE4 /* FileClass.h in CopyFiles */,
				8E8B52B109AABAA30057BEE4 /* FileInputStream.h in CopyFiles */,
				8E8B52B209AABAA30057BEE4 /* FloatArray.as in CopyFiles */,
				8E8B52B309AABAA30057BEE4 /* genericzlib.h in CopyFiles */,
				8E8B52B409AABAA30057BEE4 /* IntArray.as in CopyFiles */,
				8E8B52B509AABAA30057BEE4 /* Profiler.h in CopyFiles */,
				8E8B52B609AABAA30057BEE4 /* ShortArray.as in CopyFiles */,
				8E8B52B709AABAA30057BEE4 /* StringBuilder.as in CopyFiles */,
				8E8B52B909AABAA30057BEE4 /* StringBuilderClass.h in CopyFiles */,
				8E8B52BB09AABAA30057BEE4 /* SystemClass.h in CopyFiles */,
				8E8B52BC09AABAA30057BEE4 /* toplevel.as in CopyFiles */,
				8E8B52BE09AABAA30057BEE4 /* toplevel.h in CopyFiles */,
				8E8B52C009AABAA30057BEE4 /* TypedArrayClass.h in CopyFiles */,
				8E8B52C109AABAA30057BEE4 /* UIntArray.as in CopyFiles */,
				8E8B52C209AABAA30057BEE4 /* UShortArray.as in CopyFiles */,
				8EDDB9E809AAD1D300FB9EE5 /* Dictionary.as in CopyFiles */,
				8EDDB9EA09AAD1D300FB9EE5 /* DictionaryGlue.h in CopyFiles */,
				6803D2CA0A5064FD00C797BB /* JavaGlue.h in CopyFiles */,
			);
			runOnlyForDeploymentPostprocessing = 1;
		};
/* End PBXCopyFilesBuildPhase section */

/* Begin PBXFileReference section */
		1A91570E0B012A3F00744986 /* libz.dylib */ = {isa = PBXFileReference; lastKnownFileType = "compiled.mach-o.dylib"; name = libz.dylib; path = /usr/lib/libz.dylib; sourceTree = "<absolute>"; };
		470266390B053A6F007B70DD /* MMgc64.xcodeproj */ = {isa = PBXFileReference; lastKnownFileType = "wrapper.pb-project"; name = MMgc64.xcodeproj; path = ../MMgc/MMgc64.xcodeproj; sourceTree = SOURCE_ROOT; };
		47BA8F1F0B053AB10092107F /* avmplus64.xcodeproj */ = {isa = PBXFileReference; lastKnownFileType = "wrapper.pb-project"; name = avmplus64.xcodeproj; path = ../avmplus/avmplus64.xcodeproj; sourceTree = SOURCE_ROOT; };
		6803D2C70A5064FD00C797BB /* JavaGlue.cpp */ = {isa = PBXFileReference; fileEncoding = 30; lastKnownFileType = sourcecode.cpp.cpp; name = JavaGlue.cpp; path = ../../../extensions/JavaGlue.cpp; sourceTree = SOURCE_ROOT; };
		6803D2C80A5064FD00C797BB /* JavaGlue.h */ = {isa = PBXFileReference; fileEncoding = 30; lastKnownFileType = sourcecode.c.h; name = JavaGlue.h; path = ../../../extensions/JavaGlue.h; sourceTree = SOURCE_ROOT; };
		8DD76FB20486AB0100D96B5E /* shell64 */ = {isa = PBXFileReference; explicitFileType = "compiled.mach-o.executable"; includeInIndex = 0; path = shell64; sourceTree = BUILT_PRODUCTS_DIR; };
		8E8B527909AABAA20057BEE4 /* avmshell.cpp */ = {isa = PBXFileReference; fileEncoding = 30; lastKnownFileType = sourcecode.cpp.cpp; name = avmshell.cpp; path = ../../../shell/avmshell.cpp; sourceTree = SOURCE_ROOT; };
		8E8B527A09AABAA20057BEE4 /* avmshell.h */ = {isa = PBXFileReference; fileEncoding = 30; lastKnownFileType = sourcecode.c.h; name = avmshell.h; path = ../../../shell/avmshell.h; sourceTree = SOURCE_ROOT; };
		8E8B527B09AABAA20057BEE4 /* ByteArray.as */ = {isa = PBXFileReference; fileEncoding = 30; lastKnownFileType = text; name = ByteArray.as; path = ../../../shell/ByteArray.as; sourceTree = SOURCE_ROOT; };
		8E8B527C09AABAA20057BEE4 /* ByteArrayGlue.cpp */ = {isa = PBXFileReference; fileEncoding = 30; lastKnownFileType = sourcecode.cpp.cpp; name = ByteArrayGlue.cpp; path = ../../../shell/ByteArrayGlue.cpp; sourceTree = SOURCE_ROOT; };
		8E8B527D09AABAA20057BEE4 /* ByteArrayGlue.h */ = {isa = PBXFileReference; fileEncoding = 30; lastKnownFileType = sourcecode.c.h; name = ByteArrayGlue.h; path = ../../../shell/ByteArrayGlue.h; sourceTree = SOURCE_ROOT; };
		8E8B527E09AABAA20057BEE4 /* ConsoleOutputStream.cpp */ = {isa = PBXFileReference; fileEncoding = 30; lastKnownFileType = sourcecode.cpp.cpp; name = ConsoleOutputStream.cpp; path = ../../../shell/ConsoleOutputStream.cpp; sourceTree = SOURCE_ROOT; };
		8E8B527F09AABAA20057BEE4 /* ConsoleOutputStream.h */ = {isa = PBXFileReference; fileEncoding = 30; lastKnownFileType = sourcecode.c.h; name = ConsoleOutputStream.h; path = ../../../shell/ConsoleOutputStream.h; sourceTree = SOURCE_ROOT; };
		8E8B528009AABAA20057BEE4 /* DataIO.cpp */ = {isa = PBXFileReference; fileEncoding = 30; lastKnownFileType = sourcecode.cpp.cpp; name = DataIO.cpp; path = ../../../shell/DataIO.cpp; sourceTree = SOURCE_ROOT; };
		8E8B528109AABAA20057BEE4 /* DataIO.h */ = {isa = PBXFileReference; fileEncoding = 30; lastKnownFileType = sourcecode.c.h; name = DataIO.h; path = ../../../shell/DataIO.h; sourceTree = SOURCE_ROOT; };
		8E8B528209AABAA20057BEE4 /* DebugCLI.cpp */ = {isa = PBXFileReference; fileEncoding = 30; lastKnownFileType = sourcecode.cpp.cpp; name = DebugCLI.cpp; path = ../../../shell/DebugCLI.cpp; sourceTree = SOURCE_ROOT; };
		8E8B528309AABAA20057BEE4 /* DebugCLI.h */ = {isa = PBXFileReference; fileEncoding = 30; lastKnownFileType = sourcecode.c.h; name = DebugCLI.h; path = ../../../shell/DebugCLI.h; sourceTree = SOURCE_ROOT; };
		8E8B528409AABAA20057BEE4 /* Domain.as */ = {isa = PBXFileReference; fileEncoding = 30; lastKnownFileType = text; name = Domain.as; path = ../../../shell/Domain.as; sourceTree = SOURCE_ROOT; };
		8E8B528509AABAA20057BEE4 /* DomainClass.cpp */ = {isa = PBXFileReference; fileEncoding = 30; lastKnownFileType = sourcecode.cpp.cpp; name = DomainClass.cpp; path = ../../../shell/DomainClass.cpp; sourceTree = SOURCE_ROOT; };
		8E8B528609AABAA20057BEE4 /* DomainClass.h */ = {isa = PBXFileReference; fileEncoding = 30; lastKnownFileType = sourcecode.c.h; name = DomainClass.h; path = ../../../shell/DomainClass.h; sourceTree = SOURCE_ROOT; };
		8E8B528709AABAA20057BEE4 /* DoubleArray.as */ = {isa = PBXFileReference; fileEncoding = 30; lastKnownFileType = text; name = DoubleArray.as; path = ../../../shell/DoubleArray.as; sourceTree = SOURCE_ROOT; };
		8E8B528809AABAA20057BEE4 /* Endian.as */ = {isa = PBXFileReference; fileEncoding = 30; lastKnownFileType = text; name = Endian.as; path = ../../../shell/Endian.as; sourceTree = SOURCE_ROOT; };
		8E8B528909AABAA20057BEE4 /* FileClass.cpp */ = {isa = PBXFileReference; fileEncoding = 30; lastKnownFileType = sourcecode.cpp.cpp; name = FileClass.cpp; path = ../../../shell/FileClass.cpp; sourceTree = SOURCE_ROOT; };
		8E8B528A09AABAA20057BEE4 /* FileClass.h */ = {isa = PBXFileReference; fileEncoding = 30; lastKnownFileType = sourcecode.c.h; name = FileClass.h; path = ../../../shell/FileClass.h; sourceTree = SOURCE_ROOT; };
		8E8B528B09AABAA20057BEE4 /* FileInputStream.cpp */ = {isa = PBXFileReference; fileEncoding = 30; lastKnownFileType = sourcecode.cpp.cpp; name = FileInputStream.cpp; path = ../../../shell/FileInputStream.cpp; sourceTree = SOURCE_ROOT; };
		8E8B528C09AABAA20057BEE4 /* FileInputStream.h */ = {isa = PBXFileReference; fileEncoding = 30; lastKnownFileType = sourcecode.c.h; name = FileInputStream.h; path = ../../../shell/FileInputStream.h; sourceTree = SOURCE_ROOT; };
		8E8B528D09AABAA20057BEE4 /* FloatArray.as */ = {isa = PBXFileReference; fileEncoding = 30; lastKnownFileType = text; name = FloatArray.as; path = ../../../shell/FloatArray.as; sourceTree = SOURCE_ROOT; };
		8E8B528E09AABAA20057BEE4 /* genericzlib.h */ = {isa = PBXFileReference; fileEncoding = 30; lastKnownFileType = sourcecode.c.h; name = genericzlib.h; path = ../../../shell/genericzlib.h; sourceTree = SOURCE_ROOT; };
		8E8B528F09AABAA20057BEE4 /* IntArray.as */ = {isa = PBXFileReference; fileEncoding = 30; lastKnownFileType = text; name = IntArray.as; path = ../../../shell/IntArray.as; sourceTree = SOURCE_ROOT; };
		8E8B529009AABAA30057BEE4 /* Profiler.h */ = {isa = PBXFileReference; fileEncoding = 30; lastKnownFileType = sourcecode.c.h; name = Profiler.h; path = ../../../shell/Profiler.h; sourceTree = SOURCE_ROOT; };
		8E8B529109AABAA30057BEE4 /* ShortArray.as */ = {isa = PBXFileReference; fileEncoding = 30; lastKnownFileType = text; name = ShortArray.as; path = ../../../shell/ShortArray.as; sourceTree = SOURCE_ROOT; };
		8E8B529209AABAA30057BEE4 /* StringBuilder.as */ = {isa = PBXFileReference; fileEncoding = 30; lastKnownFileType = text; name = StringBuilder.as; path = ../../../shell/StringBuilder.as; sourceTree = SOURCE_ROOT; };
		8E8B529309AABAA30057BEE4 /* StringBuilderClass.cpp */ = {isa = PBXFileReference; fileEncoding = 30; lastKnownFileType = sourcecode.cpp.cpp; name = StringBuilderClass.cpp; path = ../../../shell/StringBuilderClass.cpp; sourceTree = SOURCE_ROOT; };
		8E8B529409AABAA30057BEE4 /* StringBuilderClass.h */ = {isa = PBXFileReference; fileEncoding = 30; lastKnownFileType = sourcecode.c.h; name = StringBuilderClass.h; path = ../../../shell/StringBuilderClass.h; sourceTree = SOURCE_ROOT; };
		8E8B529509AABAA30057BEE4 /* SystemClass.cpp */ = {isa = PBXFileReference; fileEncoding = 30; lastKnownFileType = sourcecode.cpp.cpp; name = SystemClass.cpp; path = ../../../shell/SystemClass.cpp; sourceTree = SOURCE_ROOT; };
		8E8B529609AABAA30057BEE4 /* SystemClass.h */ = {isa = PBXFileReference; fileEncoding = 30; lastKnownFileType = sourcecode.c.h; name = SystemClass.h; path = ../../../shell/SystemClass.h; sourceTree = SOURCE_ROOT; };
		8E8B529709AABAA30057BEE4 /* toplevel.as */ = {isa = PBXFileReference; fileEncoding = 30; lastKnownFileType = text; name = toplevel.as; path = ../../../shell/toplevel.as; sourceTree = SOURCE_ROOT; };
		8E8B529909AABAA30057BEE4 /* toplevel.h */ = {isa = PBXFileReference; fileEncoding = 30; lastKnownFileType = sourcecode.c.h; name = toplevel.h; path = ../../../shell/toplevel.h; sourceTree = SOURCE_ROOT; };
		8E8B529A09AABAA30057BEE4 /* TypedArrayClass.cpp */ = {isa = PBXFileReference; fileEncoding = 30; lastKnownFileType = sourcecode.cpp.cpp; name = TypedArrayClass.cpp; path = ../../../shell/TypedArrayClass.cpp; sourceTree = SOURCE_ROOT; };
		8E8B529B09AABAA30057BEE4 /* TypedArrayClass.h */ = {isa = PBXFileReference; fileEncoding = 30; lastKnownFileType = sourcecode.c.h; name = TypedArrayClass.h; path = ../../../shell/TypedArrayClass.h; sourceTree = SOURCE_ROOT; };
		8E8B529C09AABAA30057BEE4 /* UIntArray.as */ = {isa = PBXFileReference; fileEncoding = 30; lastKnownFileType = text; name = UIntArray.as; path = ../../../shell/UIntArray.as; sourceTree = SOURCE_ROOT; };
		8E8B529D09AABAA30057BEE4 /* UShortArray.as */ = {isa = PBXFileReference; fileEncoding = 30; lastKnownFileType = text; name = UShortArray.as; path = ../../../shell/UShortArray.as; sourceTree = SOURCE_ROOT; };
		8EDDB9E509AAD1D300FB9EE5 /* Dictionary.as */ = {isa = PBXFileReference; fileEncoding = 30; lastKnownFileType = text; name = Dictionary.as; path = ../../../extensions/Dictionary.as; sourceTree = SOURCE_ROOT; };
		8EDDB9E609AAD1D300FB9EE5 /* DictionaryGlue.cpp */ = {isa = PBXFileReference; fileEncoding = 30; lastKnownFileType = sourcecode.cpp.cpp; name = DictionaryGlue.cpp; path = ../../../extensions/DictionaryGlue.cpp; sourceTree = SOURCE_ROOT; };
		8EDDB9E709AAD1D300FB9EE5 /* DictionaryGlue.h */ = {isa = PBXFileReference; fileEncoding = 30; lastKnownFileType = sourcecode.c.h; name = DictionaryGlue.h; path = ../../../extensions/DictionaryGlue.h; sourceTree = SOURCE_ROOT; };
		8EDDB9F309AAD2B700FB9EE5 /* CoreServices.framework */ = {isa = PBXFileReference; lastKnownFileType = wrapper.framework; name = CoreServices.framework; path = /System/Library/Frameworks/CoreServices.framework; sourceTree = "<absolute>"; };
/* End PBXFileReference section */

/* Begin PBXFrameworksBuildPhase section */
		8DD76FAD0486AB0100D96B5E /* Frameworks */ = {
			isa = PBXFrameworksBuildPhase;
			buildActionMask = 2147483647;
			files = (
				47BA8F2D0B053AD40092107F /* libavmplus64.a in Frameworks */,
				47BA8F2C0B053ACC0092107F /* libMMgc64.a in Frameworks */,
				8EDDB9F409AAD2B700FB9EE5 /* CoreServices.framework in Frameworks */,
				1A91570F0B012A3F00744986 /* libz.dylib in Frameworks */,
			);
			runOnlyForDeploymentPostprocessing = 0;
		};
/* End PBXFrameworksBuildPhase section */

/* Begin PBXGroup section */
		08FB7794FE84155DC02AAC07 /* shell */ = {
			isa = PBXGroup;
			children = (
				08FB7795FE84155DC02AAC07 /* Source */,
				C6A0FF2B0290797F04C91782 /* Documentation */,
				8E8B52C909AABAC80057BEE4 /* Libraries */,
				1AB674ADFE9D54B511CA2CBB /* Products */,
			);
			name = shell;
			sourceTree = "<group>";
		};
		08FB7795FE84155DC02AAC07 /* Source */ = {
			isa = PBXGroup;
			children = (
				8EDDB9E409AAD1BF00FB9EE5 /* extensions */,
				8EDDB9E209AAD1A100FB9EE5 /* shell */,
			);
			name = Source;
			sourceTree = "<group>";
		};
		1AB674ADFE9D54B511CA2CBB /* Products */ = {
			isa = PBXGroup;
			children = (
				8DD76FB20486AB0100D96B5E /* shell64 */,
			);
			name = Products;
			sourceTree = "<group>";
		};
		4702663A0B053A6F007B70DD /* Products */ = {
			isa = PBXGroup;
			children = (
				470266410B053A6F007B70DD /* libMMgc64.a */,
			);
			name = Products;
			sourceTree = "<group>";
		};
		47BA8F200B053AB10092107F /* Products */ = {
			isa = PBXGroup;
			children = (
				47BA8F270B053AB10092107F /* libavmplus64.a */,
			);
			name = Products;
			sourceTree = "<group>";
		};
		8E8B52C909AABAC80057BEE4 /* Libraries */ = {
			isa = PBXGroup;
			children = (
				47BA8F1F0B053AB10092107F /* avmplus64.xcodeproj */,
				470266390B053A6F007B70DD /* MMgc64.xcodeproj */,
				1A91570E0B012A3F00744986 /* libz.dylib */,
				8EDDB9F309AAD2B700FB9EE5 /* CoreServices.framework */,
			);
			name = Libraries;
			sourceTree = "<group>";
		};
		8EDDB9E209AAD1A100FB9EE5 /* shell */ = {
			isa = PBXGroup;
			children = (
				8E8B527909AABAA20057BEE4 /* avmshell.cpp */,
				8E8B527A09AABAA20057BEE4 /* avmshell.h */,
				8E8B527B09AABAA20057BEE4 /* ByteArray.as */,
				8E8B527C09AABAA20057BEE4 /* ByteArrayGlue.cpp */,
				8E8B527D09AABAA20057BEE4 /* ByteArrayGlue.h */,
				8E8B527E09AABAA20057BEE4 /* ConsoleOutputStream.cpp */,
				8E8B527F09AABAA20057BEE4 /* ConsoleOutputStream.h */,
				8E8B528009AABAA20057BEE4 /* DataIO.cpp */,
				8E8B528109AABAA20057BEE4 /* DataIO.h */,
				8E8B528209AABAA20057BEE4 /* DebugCLI.cpp */,
				8E8B528309AABAA20057BEE4 /* DebugCLI.h */,
				8E8B528409AABAA20057BEE4 /* Domain.as */,
				8E8B528509AABAA20057BEE4 /* DomainClass.cpp */,
				8E8B528609AABAA20057BEE4 /* DomainClass.h */,
				8E8B528709AABAA20057BEE4 /* DoubleArray.as */,
				8E8B528809AABAA20057BEE4 /* Endian.as */,
				8E8B528909AABAA20057BEE4 /* FileClass.cpp */,
				8E8B528A09AABAA20057BEE4 /* FileClass.h */,
				8E8B528B09AABAA20057BEE4 /* FileInputStream.cpp */,
				8E8B528C09AABAA20057BEE4 /* FileInputStream.h */,
				8E8B528D09AABAA20057BEE4 /* FloatArray.as */,
				8E8B528E09AABAA20057BEE4 /* genericzlib.h */,
				8E8B528F09AABAA20057BEE4 /* IntArray.as */,
				6803D2C70A5064FD00C797BB /* JavaGlue.cpp */,
				6803D2C80A5064FD00C797BB /* JavaGlue.h */,
				8E8B529009AABAA30057BEE4 /* Profiler.h */,
				8E8B529109AABAA30057BEE4 /* ShortArray.as */,
				8E8B529209AABAA30057BEE4 /* StringBuilder.as */,
				8E8B529309AABAA30057BEE4 /* StringBuilderClass.cpp */,
				8E8B529409AABAA30057BEE4 /* StringBuilderClass.h */,
				8E8B529509AABAA30057BEE4 /* SystemClass.cpp */,
				8E8B529609AABAA30057BEE4 /* SystemClass.h */,
				8E8B529709AABAA30057BEE4 /* toplevel.as */,
				8E8B529909AABAA30057BEE4 /* toplevel.h */,
				8E8B529A09AABAA30057BEE4 /* TypedArrayClass.cpp */,
				8E8B529B09AABAA30057BEE4 /* TypedArrayClass.h */,
				8E8B529C09AABAA30057BEE4 /* UIntArray.as */,
				8E8B529D09AABAA30057BEE4 /* UShortArray.as */,
			);
			name = shell;
			sourceTree = "<group>";
		};
		8EDDB9E409AAD1BF00FB9EE5 /* extensions */ = {
			isa = PBXGroup;
			children = (
				8EDDB9E509AAD1D300FB9EE5 /* Dictionary.as */,
				8EDDB9E609AAD1D300FB9EE5 /* DictionaryGlue.cpp */,
				8EDDB9E709AAD1D300FB9EE5 /* DictionaryGlue.h */,
			);
			name = extensions;
			sourceTree = "<group>";
		};
		C6A0FF2B0290797F04C91782 /* Documentation */ = {
			isa = PBXGroup;
			children = (
			);
			name = Documentation;
			sourceTree = "<group>";
		};
/* End PBXGroup section */

/* Begin PBXNativeTarget section */
		8DD76FA90486AB0100D96B5E /* shell64 */ = {
			isa = PBXNativeTarget;
			buildConfigurationList = 1DEB928508733DD80010E9CD /* Build configuration list for PBXNativeTarget "shell64" */;
			buildPhases = (
				8DD76FAB0486AB0100D96B5E /* Sources */,
				8DD76FAD0486AB0100D96B5E /* Frameworks */,
				8DD76FAF0486AB0100D96B5E /* CopyFiles */,
			);
			buildRules = (
			);
			dependencies = (
				47BA8F290B053AC00092107F /* PBXTargetDependency */,
				47BA8F2B0B053AC40092107F /* PBXTargetDependency */,
			);
			name = shell64;
			productInstallPath = "$(HOME)/bin";
			productName = shell;
			productReference = 8DD76FB20486AB0100D96B5E /* shell64 */;
			productType = "com.apple.product-type.tool";
		};
/* End PBXNativeTarget section */

/* Begin PBXProject section */
		08FB7793FE84155DC02AAC07 /* Project object */ = {
			isa = PBXProject;
			buildConfigurationList = 1DEB928908733DD80010E9CD /* Build configuration list for PBXProject "shell64" */;
			compatibilityVersion = "Xcode 2.4";
			hasScannedForEncodings = 1;
			mainGroup = 08FB7794FE84155DC02AAC07 /* shell */;
			projectDirPath = "";
			projectReferences = (
				{
					ProductGroup = 47BA8F200B053AB10092107F /* Products */;
					ProjectRef = 47BA8F1F0B053AB10092107F /* avmplus64.xcodeproj */;
				},
				{
					ProductGroup = 4702663A0B053A6F007B70DD /* Products */;
					ProjectRef = 470266390B053A6F007B70DD /* MMgc64.xcodeproj */;
				},
			);
			projectRoot = "";
			shouldCheckCompatibility = 1;
			targets = (
				8DD76FA90486AB0100D96B5E /* shell64 */,
			);
		};
/* End PBXProject section */

/* Begin PBXReferenceProxy section */
		470266410B053A6F007B70DD /* libMMgc64.a */ = {
			isa = PBXReferenceProxy;
			fileType = archive.ar;
			path = libMMgc64.a;
			remoteRef = 470266400B053A6F007B70DD /* PBXContainerItemProxy */;
			sourceTree = BUILT_PRODUCTS_DIR;
		};
		47BA8F270B053AB10092107F /* libavmplus64.a */ = {
			isa = PBXReferenceProxy;
			fileType = archive.ar;
			path = libavmplus64.a;
			remoteRef = 47BA8F260B053AB10092107F /* PBXContainerItemProxy */;
			sourceTree = BUILT_PRODUCTS_DIR;
		};
/* End PBXReferenceProxy section */

/* Begin PBXSourcesBuildPhase section */
		8DD76FAB0486AB0100D96B5E /* Sources */ = {
			isa = PBXSourcesBuildPhase;
			buildActionMask = 2147483647;
			files = (
				8E8B529E09AABAA30057BEE4 /* avmshell.cpp in Sources */,
				8E8B52A109AABAA30057BEE4 /* ByteArrayGlue.cpp in Sources */,
				8E8B52A309AABAA30057BEE4 /* ConsoleOutputStream.cpp in Sources */,
				8E8B52A509AABAA30057BEE4 /* DataIO.cpp in Sources */,
				8E8B52A709AABAA30057BEE4 /* DebugCLI.cpp in Sources */,
				8E8B52AA09AABAA30057BEE4 /* DomainClass.cpp in Sources */,
				8E8B52AE09AABAA30057BEE4 /* FileClass.cpp in Sources */,
				8E8B52B009AABAA30057BEE4 /* FileInputStream.cpp in Sources */,
				8E8B52B809AABAA30057BEE4 /* StringBuilderClass.cpp in Sources */,
				8E8B52BA09AABAA30057BEE4 /* SystemClass.cpp in Sources */,
				8E8B52BF09AABAA30057BEE4 /* TypedArrayClass.cpp in Sources */,
				8EDDB9E909AAD1D300FB9EE5 /* DictionaryGlue.cpp in Sources */,
				6803D2C90A5064FD00C797BB /* JavaGlue.cpp in Sources */,
			);
			runOnlyForDeploymentPostprocessing = 0;
		};
/* End PBXSourcesBuildPhase section */

/* Begin PBXTargetDependency section */
		47BA8F290B053AC00092107F /* PBXTargetDependency */ = {
			isa = PBXTargetDependency;
			name = avmplus64;
			targetProxy = 47BA8F280B053AC00092107F /* PBXContainerItemProxy */;
		};
		47BA8F2B0B053AC40092107F /* PBXTargetDependency */ = {
			isa = PBXTargetDependency;
			name = MMgc;
			targetProxy = 47BA8F2A0B053AC40092107F /* PBXContainerItemProxy */;
		};
/* End PBXTargetDependency section */

/* Begin XCBuildConfiguration section */
		1DEB928608733DD80010E9CD /* Debug */ = {
			isa = XCBuildConfiguration;
			buildSettings = {
				ARCHS = "$(NATIVE_ARCH_64_BIT)";
				COPY_PHASE_STRIP = NO;
				GCC_DYNAMIC_NO_PIC = NO;
				GCC_ENABLE_FIX_AND_CONTINUE = YES;
				GCC_MODEL_TUNING = G5;
				GCC_OPTIMIZATION_LEVEL = 0;
				INSTALL_PATH = "$(HOME)/bin";
				LIBRARY_SEARCH_PATHS = (
					"$(inherited)",
					"$(LIBRARY_SEARCH_PATHS_QUOTED_FOR_TARGET_1)",
				);
				LIBRARY_SEARCH_PATHS_QUOTED_FOR_TARGET_1 = "\"$(SRCROOT)/../../../../platform/mac/flash/Builds/Debug Debugger\"";
				PRODUCT_NAME = shell64;
				SDKROOT = /Developer/SDKs/MacOSX10.5.sdk;
				ZERO_LINK = YES;
			};
			name = Debug;
		};
		1DEB928708733DD80010E9CD /* Release */ = {
			isa = XCBuildConfiguration;
			buildSettings = {
				ARCHS = x86_64;
				GCC_GENERATE_DEBUGGING_SYMBOLS = NO;
				GCC_MODEL_TUNING = G5;
				INSTALL_PATH = "$(HOME)/bin";
				LIBRARY_SEARCH_PATHS = (
					"$(inherited)",
					"$(LIBRARY_SEARCH_PATHS_QUOTED_FOR_TARGET_1)",
				);
				LIBRARY_SEARCH_PATHS_QUOTED_FOR_TARGET_1 = "\"$(SRCROOT)/../../../../platform/mac/flash/Builds/Debug Debugger\"";
				PRODUCT_NAME = shell64;
				SDKROOT = /Developer/SDKs/MacOSX10.5.sdk;
			};
			name = Release;
		};
		1DEB928A08733DD80010E9CD /* Debug */ = {
			isa = XCBuildConfiguration;
			buildSettings = {
				DEBUG_INFORMATION_FORMAT = dwarf;
				GCC_PREPROCESSOR_DEFINITIONS = (
					AVMPLUS_SHELL,
					__DEBUGGING__,
					"TARGET_API_MAC_CARBON=1",
					_MAC,
					"DARWIN=1",
					DEBUG,
					_DEBUG,
					ENABLE_PROFILER,
					ENABLE_COMPILER,
					SOFT_ASSERTS,
					powerc,
					"TARGET_RT_MAC_MACHO=1",
					USE_MMAP,
					_MAC,
				);
				GCC_WARN_ABOUT_RETURN_TYPE = YES;
				GCC_WARN_UNUSED_VARIABLE = YES;
				PREBINDING = NO;
				SDKROOT = /Developer/SDKs/MacOSX10.4u.sdk;
				USER_HEADER_SEARCH_PATHS = "../../../core ../../../MMgc ../../../pcre ../../../codegen ../../../extensions ..";
			};
			name = Debug;
		};
		1DEB928B08733DD80010E9CD /* Release */ = {
			isa = XCBuildConfiguration;
			buildSettings = {
				DEBUG_INFORMATION_FORMAT = dwarf;
				GCC_ENABLE_CPP_RTTI = NO;
				GCC_PREPROCESSOR_DEFINITIONS = (
					AVMPLUS_SHELL,
					SOFT_ASSERTS,
					"TARGET_API_MAC_CARBON=1",
					"DARWIN=1",
					_MAC,
					"TARGET_RT_MAC_MACHO=1",
					USE_MMAP,
				);
				GCC_WARN_ABOUT_RETURN_TYPE = YES;
				GCC_WARN_UNUSED_VARIABLE = YES;
				PREBINDING = NO;
				SDKROOT = /Developer/SDKs/MacOSX10.4u.sdk;
				USER_HEADER_SEARCH_PATHS = "../../../core ../../../MMgc ../../../pcre ../../../codegen ../../../extensions ..";
			};
			name = Release;
		};
		8E8B52FE09AABD020057BEE4 /* Debug Debugger */ = {
			isa = XCBuildConfiguration;
			buildSettings = {
				ARCHS = "$(NATIVE_ARCH_64_BIT)";
				COPY_PHASE_STRIP = NO;
				GCC_DYNAMIC_NO_PIC = NO;
				GCC_ENABLE_FIX_AND_CONTINUE = NO;
				GCC_MODEL_TUNING = G5;
				GCC_OPTIMIZATION_LEVEL = 0;
				INSTALL_PATH = "$(HOME)/bin";
				LIBRARY_SEARCH_PATHS = (
					"$(inherited)",
					"$(LIBRARY_SEARCH_PATHS_QUOTED_FOR_TARGET_1)",
				);
				LIBRARY_SEARCH_PATHS_QUOTED_FOR_TARGET_1 = "\"$(SRCROOT)/../../../../platform/mac/flash/Builds/Debug Debugger\"";
				PRODUCT_NAME = shell64;
				SDKROOT = /Developer/SDKs/MacOSX10.5.sdk;
				ZERO_LINK = NO;
			};
			name = "Debug Debugger";
		};
		8E8B52FF09AABD020057BEE4 /* Release Debugger */ = {
			isa = XCBuildConfiguration;
			buildSettings = {
				ARCHS = x86_64;
				GCC_GENERATE_DEBUGGING_SYMBOLS = NO;
				GCC_MODEL_TUNING = G5;
				INSTALL_PATH = "$(HOME)/bin";
				LIBRARY_SEARCH_PATHS = (
					"$(inherited)",
					"$(LIBRARY_SEARCH_PATHS_QUOTED_FOR_TARGET_1)",
				);
				LIBRARY_SEARCH_PATHS_QUOTED_FOR_TARGET_1 = "\"$(SRCROOT)/../../../../platform/mac/flash/Builds/Debug Debugger\"";
				PRODUCT_NAME = shell64;
				SDKROOT = /Developer/SDKs/MacOSX10.5.sdk;
			};
			name = "Release Debugger";
		};
		8E8B530009AABD020057BEE4 /* Debug Debugger */ = {
			isa = XCBuildConfiguration;
			buildSettings = {
				ARCHS = "$(NATIVE_ARCH_64_BIT)";
				DEBUG_INFORMATION_FORMAT = dwarf;
				GCC_PREPROCESSOR_DEFINITIONS = (
					AVMPLUS_SHELL,
					DEBUGGER,
					__DEBUGGING__,
					"TARGET_API_MAC_CARBON=1",
					_MAC,
					"DARWIN=1",
					DEBUG,
					_DEBUG,
					ENABLE_PROFILER,
					ENABLE_COMPILER,
					SOFT_ASSERTS,
					powerc,
					"TARGET_RT_MAC_MACHO=1",
					USE_MMAP,
					_MAC,
				);
				GCC_WARN_ABOUT_RETURN_TYPE = YES;
				GCC_WARN_UNUSED_VARIABLE = YES;
				PREBINDING = NO;
				SDKROOT = /Developer/SDKs/MacOSX10.5.sdk;
				USER_HEADER_SEARCH_PATHS = "../../../core ../../../MMgc ../../../pcre ../../../codegen ../../../extensions ..";
			};
			name = "Debug Debugger";
		};
		8E8B530109AABD020057BEE4 /* Release Debugger */ = {
			isa = XCBuildConfiguration;
			buildSettings = {
				DEBUG_INFORMATION_FORMAT = dwarf;
				GCC_ENABLE_CPP_RTTI = NO;
				GCC_PREPROCESSOR_DEFINITIONS = (
					AVMPLUS_SHELL,
					SOFT_ASSERTS,
					"TARGET_API_MAC_CARBON=1",
					"DARWIN=1",
					"TARGET_RT_MAC_MACHO=1",
					USE_MMAP,
					_MAC,
					DEBUGGER,
				);
				GCC_WARN_ABOUT_RETURN_TYPE = YES;
				GCC_WARN_UNUSED_VARIABLE = YES;
				PREBINDING = NO;
				SDKROOT = /Developer/SDKs/MacOSX10.4u.sdk;
				USER_HEADER_SEARCH_PATHS = "../../../core ../../../MMgc ../../../pcre ../../../codegen ../../../extensions ..";
			};
			name = "Release Debugger";
		};
/* End XCBuildConfiguration section */

/* Begin XCConfigurationList section */
		1DEB928508733DD80010E9CD /* Build configuration list for PBXNativeTarget "shell64" */ = {
			isa = XCConfigurationList;
			buildConfigurations = (
				1DEB928608733DD80010E9CD /* Debug */,
				8E8B52FE09AABD020057BEE4 /* Debug Debugger */,
				1DEB928708733DD80010E9CD /* Release */,
				8E8B52FF09AABD020057BEE4 /* Release Debugger */,
			);
			defaultConfigurationIsVisible = 0;
			defaultConfigurationName = Release;
		};
		1DEB928908733DD80010E9CD /* Build configuration list for PBXProject "shell64" */ = {
			isa = XCConfigurationList;
			buildConfigurations = (
				1DEB928A08733DD80010E9CD /* Debug */,
				8E8B530009AABD020057BEE4 /* Debug Debugger */,
				1DEB928B08733DD80010E9CD /* Release */,
				8E8B530109AABD020057BEE4 /* Release Debugger */,
			);
			defaultConfigurationIsVisible = 0;
			defaultConfigurationName = Release;
		};
/* End XCConfigurationList section */
	};
	rootObject = 08FB7793FE84155DC02AAC07 /* Project object */;
}
