Microsoft Visual Studio Solution File, Format Version 7.00
Project("{FAE04EC0-301F-11D3-BF4B-00C04F79EFBC}") = "MSDotNETCSEmbed", "MSDotNETCSEmbed.csproj", "{796A3EA3-D33E-46C8-AE6C-B6E40027BF36}"
EndProject
Global
	GlobalSection(SolutionConfiguration) = preSolution
		ConfigName.0 = Debug
		ConfigName.1 = Release
	EndGlobalSection
	GlobalSection(ProjectDependencies) = postSolution
	EndGlobalSection
	GlobalSection(ProjectConfiguration) = postSolution
		{796A3EA3-D33E-46C8-AE6C-B6E40027BF36}.Debug.ActiveCfg = Debug|.NET
		{796A3EA3-D33E-46C8-AE6C-B6E40027BF36}.Debug.Build.0 = Debug|.NET
		{796A3EA3-D33E-46C8-AE6C-B6E40027BF36}.Release.ActiveCfg = Release|.NET
		{796A3EA3-D33E-46C8-AE6C-B6E40027BF36}.Release.Build.0 = Release|.NET
	EndGlobalSection
	GlobalSection(ExtensibilityGlobals) = postSolution
	EndGlobalSection
	GlobalSection(ExtensibilityAddIns) = postSolution
	EndGlobalSection
EndGlobal
