// !$*UTF8*$!
{
	archiveVersion = 1;
	classes = {
	};
	objectVersion = 38;
	objects = {
		014CEA440018CDF011CA2923 = {
			buildRules = (
			);
			buildSettings = {
				COPY_PHASE_STRIP = NO;
				OTHER_CFLAGS = "\U0001 -DDEBUG -DTRACING -DMOZ_DEBUG";
			};
			isa = PBXBuildStyle;
			name = Development;
		};
		014CEA450018CDF011CA2923 = {
			buildRules = (
			);
			buildSettings = {
				COPY_PHASE_STRIP = YES;
				DEBUGGING_SYMBOLS = NO;
				OPTIMIZATION_CFLAGS = "-O";
			};
			isa = PBXBuildStyle;
			name = Deployment;
		};
//010
//011
//012
//013
//014
//030
//031
//032
//033
//034
		034768DFFF38A50411DB9C8B = {
			children = (
				034768E0FF38A50411DB9C8B,
			);
			isa = PBXGroup;
			name = Products;
			path = "";
			refType = 2;
		};
		034768E0FF38A50411DB9C8B = {
			isa = PBXFrameworkReference;
			path = CHBrowserView.framework;
			refType = 3;
		};
//030
//031
//032
//033
//034
//080
//081
//082
//083
//084
		0867D690FE84028FC02AAC07 = {
			buildStyles = (
				014CEA440018CDF011CA2923,
				014CEA450018CDF011CA2923,
			);
			hasScannedForEncodings = 1;
			isa = PBXProject;
			mainGroup = 0867D691FE84028FC02AAC07;
			productRefGroup = 034768DFFF38A50411DB9C8B;
			projectDirPath = "";
			targets = (
				0867D69CFE84028FC02AAC07,
			);
		};
		0867D691FE84028FC02AAC07 = {
			children = (
				F57D38AE0330DCA001026D5D,
				08FB77AEFE84172EC02AAC07,
				F6BA6D4C01B2EFCE01A962F7,
				79C235890439D34800202892,
				089C1665FE841158C02AAC07,
				0867D69AFE84028FC02AAC07,
				034768DFFF38A50411DB9C8B,
			);
			isa = PBXGroup;
			name = NSBrowserView;
			refType = 4;
		};
		0867D69AFE84028FC02AAC07 = {
			children = (
				1058C7B0FEA5585E11CA2CBB,
				1058C7B2FEA5585E11CA2CBB,
			);
			isa = PBXGroup;
			name = "External Frameworks and Libraries";
			refType = 4;
		};
		0867D69BFE84028FC02AAC07 = {
			isa = PBXFrameworkReference;
			name = Foundation.framework;
			path = /System/Library/Frameworks/Foundation.framework;
			refType = 0;
		};
		0867D69CFE84028FC02AAC07 = {
			buildPhases = (
				0867D69DFE84028FC02AAC07,
				0867D69EFE84028FC02AAC07,
				0867D69FFE84028FC02AAC07,
				0867D6A0FE84028FC02AAC07,
				0867D6A2FE84028FC02AAC07,
			);
			buildSettings = {
				DYLIB_COMPATIBILITY_VERSION = 1;
				DYLIB_CURRENT_VERSION = 1;
				FRAMEWORK_SEARCH_PATHS = "";
				FRAMEWORK_VERSION = A;
				HEADER_SEARCH_PATHS = "../../../dist/include/mimetype ../../../dist/include/find ../../../dist/include/webbrowserpersist ../../../dist/include/commandhandler ../../../dist/include/exthandler ../../../dist/include/helperAppDlg ../../../dist/include/profile ../../../dist/include/xpcom ../../../dist/include/string ../../../dist/include/docshell ../../../dist/include/webshell ../../../dist/include/necko ../../../dist/include/widget ../../../dist/include/dom ../../../dist/include/gfx ../../../dist/include/layout ../../../dist/include/content ../../../dist/include/uriloader ../../../dist/include/webbrwsr ../../../dist/include/shistory ../../../dist/include/embed_base ../../../dist/include/pref ../../../dist/include/windowwatcher ../../../dist/include ../../../dist/include/nspr";
				LIBRARY_SEARCH_PATHS = "../../../dist/bin ../../../dist/lib ../../../dist/Embed /Users/conrad/Development/TRUNK/MachObj/obj-cocoa-debug/xpcom/build";
				OPTIMIZATION_CFLAGS = "-O0";
				OTHER_CFLAGS = "-fno-rtti -fno-exceptions -fpascal-strings -fshort-wchar -DOSTYPE=\\\"Darwin1.4\\\" -DOSARCH=\\\"Darwin\\\" -DIBMBIDI";
				OTHER_LDFLAGS = "-lxpcom -lplds4 -lplc4 -lnspr4 -lpthread -lm";
				PREFIX_HEADER = "../../../mozilla-config.h";
				PRODUCT_NAME = CHBrowserView;
				SECTORDER_FLAGS = "";
				USE_GCC3_PFE_SUPPORT = NO;
				WARNING_CFLAGS = "-Wmost -Wno-four-char-constants -Wno-unknown-pragmas -Wall -Wconversion -Wpointer-arith -Wbad-function-cast -Wcast-align -Woverloaded-virtual -Wsynth -Wno-long-long";
				WRAPPER_EXTENSION = framework;
			};
			dependencies = (
			);
			isa = PBXFrameworkTarget;
			name = NSBrowserView;
			productName = NSBrowserView;
			productReference = 034768E0FF38A50411DB9C8B;
			productSettingsXML = "<?xml version=\"1.0\" encoding=\"UTF-8\"?>
<!DOCTYPE plist PUBLIC \"-//Apple Computer//DTD PLIST 1.0//EN\" \"http://www.apple.com/DTDs/PropertyList-1.0.dtd\">
<plist version=\"1.0\">
<dict>
	<key>CFBundleDevelopmentRegion</key>
	<string>English</string>
	<key>CFBundleDocumentTypes</key>
	<array/>
	<key>CFBundleExecutable</key>
	<string>CHBrowserView</string>
	<key>CFBundleIconFile</key>
	<string></string>
	<key>CFBundleIdentifier</key>
	<string></string>
	<key>CFBundleInfoDictionaryVersion</key>
	<string>6.0</string>
	<key>CFBundlePackageType</key>
	<string>FMWK</string>
	<key>CFBundleSignature</key>
	<string>????</string>
	<key>CFBundleVersion</key>
	<string>0.0.1d1</string>
	<key>NSPrincipalClass</key>
	<string></string>
</dict>
</plist>
";
		};
		0867D69DFE84028FC02AAC07 = {
			buildActionMask = 2147483647;
			files = (
				F57D389F0330DAB701026D5D,
				F57D38A10330DAB701026D5D,
				F57D38A30330DAB701026D5D,
				F57D38A50330DAB701026D5D,
				F57D38A70330DAB701026D5D,
				F57D38A90330DAB701026D5D,
				F57D38AC0330DC9701026D5D,
				F57D38B90330E3E601026D5D,
				F57D38BA0330E3E601026D5D,
				F57D38BB0330E3E701026D5D,
				F52978A70371981B01026DCE,
			);
			isa = PBXHeadersBuildPhase;
			runOnlyForDeploymentPostprocessing = 0;
		};
		0867D69EFE84028FC02AAC07 = {
			buildActionMask = 2147483647;
			files = (
				089C1668FE841158C02AAC07,
				F64C5F2901B5904701A962F7,
			);
			isa = PBXResourcesBuildPhase;
			runOnlyForDeploymentPostprocessing = 0;
		};
		0867D69FFE84028FC02AAC07 = {
			buildActionMask = 2147483647;
			files = (
				F64C5F1B01B58AC001A962F7,
				F57D38A00330DAB701026D5D,
				F57D38A20330DAB701026D5D,
				F57D38A60330DAB701026D5D,
				F57D38A80330DAB701026D5D,
				F57D38AD0330DC9701026D5D,
				F57D38B60330E3E101026D5D,
				F57D38B70330E3E201026D5D,
				F57D38B80330E3E301026D5D,
				F52978A60371981A01026DCE,
				79C235950439D56C00202892,
			);
			isa = PBXSourcesBuildPhase;
			runOnlyForDeploymentPostprocessing = 0;
		};
		0867D6A0FE84028FC02AAC07 = {
			buildActionMask = 2147483647;
			files = (
				F6BA6D6001B3008E01A962F7,
				79C2358B0439D3B700202892,
			);
			isa = PBXFrameworksBuildPhase;
			runOnlyForDeploymentPostprocessing = 0;
		};
		0867D6A2FE84028FC02AAC07 = {
			buildActionMask = 2147483647;
			files = (
			);
			isa = PBXRezBuildPhase;
			runOnlyForDeploymentPostprocessing = 0;
		};
		0867D6A5FE840307C02AAC07 = {
			isa = PBXFrameworkReference;
			name = AppKit.framework;
			path = /System/Library/Frameworks/AppKit.framework;
			refType = 0;
		};
		089C1665FE841158C02AAC07 = {
			children = (
				089C1666FE841158C02AAC07,
				F64C5F2701B5904701A962F7,
			);
			isa = PBXGroup;
			name = Resources;
			refType = 4;
		};
		089C1666FE841158C02AAC07 = {
			children = (
				089C1667FE841158C02AAC07,
			);
			isa = PBXVariantGroup;
			name = InfoPlist.strings;
			refType = 4;
		};
		089C1667FE841158C02AAC07 = {
			fileEncoding = 10;
			isa = PBXFileReference;
			name = InfoPlist.strings;
			path = res/English.lproj/InfoPlist.strings;
			refType = 4;
		};
		089C1668FE841158C02AAC07 = {
			fileRef = 089C1666FE841158C02AAC07;
			isa = PBXBuildFile;
			settings = {
			};
		};
		08FB77AEFE84172EC02AAC07 = {
			children = (
				F57D38B30330E1D801026D5D,
				F64C5F1A01B58AC001A962F7,
				F57D38950330DAB701026D5D,
				F57D38970330DAB701026D5D,
				79C235930439D56C00202892,
				F52978A50371981701026DCE,
			);
			isa = PBXGroup;
			name = Classes;
			refType = 4;
		};
//080
//081
//082
//083
//084
//100
//101
//102
//103
//104
		1058C7B0FEA5585E11CA2CBB = {
			children = (
				1058C7B1FEA5585E11CA2CBB,
			);
			isa = PBXGroup;
			name = "Linked Frameworks";
			refType = 4;
		};
		1058C7B1FEA5585E11CA2CBB = {
			isa = PBXFrameworkReference;
			name = Cocoa.framework;
			path = /System/Library/Frameworks/Cocoa.framework;
			refType = 0;
		};
		1058C7B2FEA5585E11CA2CBB = {
			children = (
				0867D69BFE84028FC02AAC07,
				0867D6A5FE840307C02AAC07,
			);
			isa = PBXGroup;
			name = "Other Frameworks";
			refType = 4;
		};
//100
//101
//102
//103
//104
//790
//791
//792
//793
//794
		79C235710438E63900202892 = {
			children = (
				F57D389A0330DAB701026D5D,
				F57D389C0330DAB701026D5D,
				F57D38AF0330DFF201026D5D,
				F57D38B10330E1D101026D5D,
				F57D38B40330E25501026D5D,
			);
			isa = PBXGroup;
			name = Download;
			refType = 4;
		};
		79C235890439D34800202892 = {
			children = (
				79C2358A0439D3B700202892,
			);
			isa = PBXGroup;
			name = "Gecko Libraries";
			path = "";
			refType = 4;
		};
		79C2358A0439D3B700202892 = {
			isa = PBXFileReference;
			name = libembed_base_s.a;
			path = ../../base/libembed_base_s.a;
			refType = 2;
		};
		79C2358B0439D3B700202892 = {
			fileRef = 79C2358A0439D3B700202892;
			isa = PBXBuildFile;
			settings = {
			};
		};
		79C235930439D56C00202892 = {
			fileEncoding = 30;
			isa = PBXFileReference;
			name = CHBrowserView.mm;
			path = src/CHBrowserView.mm;
			refType = 4;
		};
		79C235950439D56C00202892 = {
			fileRef = 79C235930439D56C00202892;
			isa = PBXBuildFile;
			settings = {
			};
		};
//790
//791
//792
//793
//794
//F50
//F51
//F52
//F53
//F54
		F52978A40371981701026DCE = {
			fileEncoding = 30;
			isa = PBXFileReference;
			name = CHClickListener.h;
			path = src/CHClickListener.h;
			refType = 2;
		};
		F52978A50371981701026DCE = {
			fileEncoding = 30;
			isa = PBXFileReference;
			name = CHClickListener.mm;
			path = src/CHClickListener.mm;
			refType = 2;
		};
		F52978A60371981A01026DCE = {
			fileRef = F52978A50371981701026DCE;
			isa = PBXBuildFile;
			settings = {
			};
		};
		F52978A70371981B01026DCE = {
			fileRef = F52978A40371981701026DCE;
			isa = PBXBuildFile;
			settings = {
			};
		};
		F57D38940330DAB701026D5D = {
			fileEncoding = 30;
			isa = PBXFileReference;
			name = CHBrowserListener.h;
			path = src/CHBrowserListener.h;
			refType = 2;
		};
		F57D38950330DAB701026D5D = {
			fileEncoding = 30;
			isa = PBXFileReference;
			name = CHBrowserListener.mm;
			path = src/CHBrowserListener.mm;
			refType = 2;
		};
		F57D38960330DAB701026D5D = {
			fileEncoding = 30;
			isa = PBXFileReference;
			name = CHBrowserService.h;
			path = src/CHBrowserService.h;
			refType = 2;
		};
		F57D38970330DAB701026D5D = {
			fileEncoding = 30;
			isa = PBXFileReference;
			name = CHBrowserService.mm;
			path = src/CHBrowserService.mm;
			refType = 2;
		};
		F57D38980330DAB701026D5D = {
			fileEncoding = 30;
			isa = PBXFileReference;
			name = CHBrowserView.h;
			path = src/CHBrowserView.h;
			refType = 2;
		};
		F57D389A0330DAB701026D5D = {
			fileEncoding = 30;
			isa = PBXFileReference;
			name = CHDownloadFactories.h;
			path = src/CHDownloadFactories.h;
			refType = 2;
		};
		F57D389B0330DAB701026D5D = {
			fileEncoding = 30;
			isa = PBXFileReference;
			name = CHDownloadFactories.mm;
			path = src/CHDownloadFactories.mm;
			refType = 2;
		};
		F57D389C0330DAB701026D5D = {
			fileEncoding = 30;
			isa = PBXFileReference;
			name = CHDownloadProgressDisplay.h;
			path = src/CHDownloadProgressDisplay.h;
			refType = 2;
		};
		F57D389D0330DAB701026D5D = {
			fileEncoding = 30;
			isa = PBXFileReference;
			name = CHDownloadProgressDisplay.mm;
			path = src/CHDownloadProgressDisplay.mm;
			refType = 2;
		};
		F57D389E0330DAB701026D5D = {
			fileEncoding = 30;
			isa = PBXFileReference;
			name = nsAlertController.h;
			path = src/nsAlertController.h;
			refType = 2;
		};
		F57D389F0330DAB701026D5D = {
			fileRef = F57D38940330DAB701026D5D;
			isa = PBXBuildFile;
			settings = {
				ATTRIBUTES = (
					Public,
				);
			};
		};
		F57D38A00330DAB701026D5D = {
			fileRef = F57D38950330DAB701026D5D;
			isa = PBXBuildFile;
			settings = {
			};
		};
		F57D38A10330DAB701026D5D = {
			fileRef = F57D38960330DAB701026D5D;
			isa = PBXBuildFile;
			settings = {
				ATTRIBUTES = (
					Public,
				);
			};
		};
		F57D38A20330DAB701026D5D = {
			fileRef = F57D38970330DAB701026D5D;
			isa = PBXBuildFile;
			settings = {
			};
		};
		F57D38A30330DAB701026D5D = {
			fileRef = F57D38980330DAB701026D5D;
			isa = PBXBuildFile;
			settings = {
				ATTRIBUTES = (
					Public,
				);
			};
		};
		F57D38A50330DAB701026D5D = {
			fileRef = F57D389A0330DAB701026D5D;
			isa = PBXBuildFile;
			settings = {
				ATTRIBUTES = (
					Public,
				);
			};
		};
		F57D38A60330DAB701026D5D = {
			fileRef = F57D389B0330DAB701026D5D;
			isa = PBXBuildFile;
			settings = {
			};
		};
		F57D38A70330DAB701026D5D = {
			fileRef = F57D389C0330DAB701026D5D;
			isa = PBXBuildFile;
			settings = {
				ATTRIBUTES = (
					Public,
				);
			};
		};
		F57D38A80330DAB701026D5D = {
			fileRef = F57D389D0330DAB701026D5D;
			isa = PBXBuildFile;
			settings = {
			};
		};
		F57D38A90330DAB701026D5D = {
			fileRef = F57D389E0330DAB701026D5D;
			isa = PBXBuildFile;
			settings = {
				ATTRIBUTES = (
					Public,
				);
			};
		};
		F57D38AA0330DC9701026D5D = {
			fileEncoding = 30;
			isa = PBXFileReference;
			name = "NSString+Utils.h";
			path = "src/NSString+Utils.h";
			refType = 2;
		};
		F57D38AB0330DC9701026D5D = {
			fileEncoding = 30;
			isa = PBXFileReference;
			name = "NSString+Utils.mm";
			path = "src/NSString+Utils.mm";
			refType = 2;
		};
		F57D38AC0330DC9701026D5D = {
			fileRef = F57D38AA0330DC9701026D5D;
			isa = PBXBuildFile;
			settings = {
				ATTRIBUTES = (
					Public,
				);
			};
		};
		F57D38AD0330DC9701026D5D = {
			fileRef = F57D38AB0330DC9701026D5D;
			isa = PBXBuildFile;
			settings = {
			};
		};
		F57D38AE0330DCA001026D5D = {
			children = (
				F57D38AA0330DC9701026D5D,
				F57D38AB0330DC9701026D5D,
			);
			isa = PBXGroup;
			name = Extensions;
			path = "";
			refType = 4;
		};
		F57D38AF0330DFF201026D5D = {
			fileEncoding = 30;
			isa = PBXFileReference;
			name = SaveHeaderSniffer.h;
			path = src/SaveHeaderSniffer.h;
			refType = 2;
		};
		F57D38B00330DFF201026D5D = {
			fileEncoding = 30;
			isa = PBXFileReference;
			name = SaveHeaderSniffer.mm;
			path = src/SaveHeaderSniffer.mm;
			refType = 2;
		};
		F57D38B10330E1D101026D5D = {
			fileEncoding = 30;
			isa = PBXFileReference;
			name = nsDownloadListener.h;
			path = src/nsDownloadListener.h;
			refType = 2;
		};
		F57D38B20330E1D101026D5D = {
			fileEncoding = 30;
			isa = PBXFileReference;
			name = nsDownloadListener.mm;
			path = src/nsDownloadListener.mm;
			refType = 2;
		};
		F57D38B30330E1D801026D5D = {
			children = (
				F57D389B0330DAB701026D5D,
				F57D389D0330DAB701026D5D,
				F57D38B00330DFF201026D5D,
				F57D38B20330E1D101026D5D,
				F57D38B50330E25501026D5D,
			);
			isa = PBXGroup;
			name = Download;
			refType = 4;
		};
		F57D38B40330E25501026D5D = {
			fileEncoding = 30;
			isa = PBXFileReference;
			name = ProgressDlgController.h;
			path = src/ProgressDlgController.h;
			refType = 2;
		};
		F57D38B50330E25501026D5D = {
			fileEncoding = 30;
			isa = PBXFileReference;
			name = ProgressDlgController.mm;
			path = src/ProgressDlgController.mm;
			refType = 2;
		};
		F57D38B60330E3E101026D5D = {
			fileRef = F57D38B00330DFF201026D5D;
			isa = PBXBuildFile;
			settings = {
			};
		};
		F57D38B70330E3E201026D5D = {
			fileRef = F57D38B20330E1D101026D5D;
			isa = PBXBuildFile;
			settings = {
			};
		};
		F57D38B80330E3E301026D5D = {
			fileRef = F57D38B50330E25501026D5D;
			isa = PBXBuildFile;
			settings = {
			};
		};
		F57D38B90330E3E601026D5D = {
			fileRef = F57D38AF0330DFF201026D5D;
			isa = PBXBuildFile;
			settings = {
				ATTRIBUTES = (
					Public,
				);
			};
		};
		F57D38BA0330E3E601026D5D = {
			fileRef = F57D38B10330E1D101026D5D;
			isa = PBXBuildFile;
			settings = {
				ATTRIBUTES = (
					Public,
				);
			};
		};
		F57D38BB0330E3E701026D5D = {
			fileRef = F57D38B40330E25501026D5D;
			isa = PBXBuildFile;
			settings = {
				ATTRIBUTES = (
					Public,
				);
			};
		};
//F50
//F51
//F52
//F53
//F54
//F60
//F61
//F62
//F63
//F64
		F64C5F1A01B58AC001A962F7 = {
			fileEncoding = 30;
			isa = PBXFileReference;
			name = nsAlertController.mm;
			path = src/nsAlertController.mm;
			refType = 2;
		};
		F64C5F1B01B58AC001A962F7 = {
			fileRef = F64C5F1A01B58AC001A962F7;
			isa = PBXBuildFile;
			settings = {
			};
		};
		F64C5F2701B5904701A962F7 = {
			children = (
				F64C5F2801B5904701A962F7,
			);
			isa = PBXVariantGroup;
			name = alert.nib;
			path = "";
			refType = 2;
		};
		F64C5F2801B5904701A962F7 = {
			isa = PBXFileReference;
			name = alert.nib;
			path = res/English.lproj/alert.nib;
			refType = 4;
		};
		F64C5F2901B5904701A962F7 = {
			fileRef = F64C5F2701B5904701A962F7;
			isa = PBXBuildFile;
			settings = {
			};
		};
		F6BA6D4C01B2EFCE01A962F7 = {
			children = (
				79C235710438E63900202892,
				F57D389E0330DAB701026D5D,
				F57D38940330DAB701026D5D,
				F57D38960330DAB701026D5D,
				F57D38980330DAB701026D5D,
				F52978A40371981701026DCE,
			);
			isa = PBXGroup;
			name = Headers;
			path = "";
			refType = 4;
		};
		F6BA6D6001B3008E01A962F7 = {
			fileRef = 1058C7B1FEA5585E11CA2CBB;
			isa = PBXBuildFile;
			settings = {
			};
		};
	};
	rootObject = 0867D690FE84028FC02AAC07;
}
